
Microsoft Visual Studio Solution File, Format Version 12.00
# Visual Studio Version 17
VisualStudioVersion = 17.4.33205.214
MinimumVisualStudioVersion = 10.0.40219.1
Project("{FAE04EC0-301F-11D3-BF4B-00C04F79EFBC}") = "LINKEDLIST", "LINKEDLIST\LINKEDLIST.csproj", "{0C477193-1EED-4DED-A8E2-1EC4C49EEDDB}"
EndProject
Global
	GlobalSection(SolutionConfigurationPlatforms) = preSolution
		Debug|Any CPU = Debug|Any CPU
		Release|Any CPU = Release|Any CPU
	EndGlobalSection
	GlobalSection(ProjectConfigurationPlatforms) = postSolution
		{0C477193-1EED-4DED-A8E2-1EC4C49EEDDB}.Debug|Any CPU.ActiveCfg = Debug|Any CPU
		{0C477193-1EED-4DED-A8E2-1EC4C49EEDDB}.Debug|Any CPU.Build.0 = Debug|Any CPU
		{0C477193-1EED-4DED-A8E2-1EC4C49EEDDB}.Release|Any CPU.ActiveCfg = Release|Any CPU
		{0C477193-1EED-4DED-A8E2-1EC4C49EEDDB}.Release|Any CPU.Build.0 = Release|Any CPU
	EndGlobalSection
	GlobalSection(SolutionProperties) = preSolution
		HideSolutionNode = FALSE
	EndGlobalSection
	GlobalSection(ExtensibilityGlobals) = postSolution
		SolutionGuid = {82CAEB8D-6E26-4404-9F5E-8D9C741472C0}
	EndGlobalSection
EndGlobal
